
Microsoft Visual Studio Solution File, Format Version 12.00
# Visual Studio Version 17
VisualStudioVersion = 17.14.36212.18
MinimumVisualStudioVersion = 10.0.40219.1
Project("{FAE04EC0-301F-11D3-BF4B-00C04F79EFBC}") = "SalesAnalysisETL.ConsoleApp", "SalesAnalysisETL.ConsoleApp\SalesAnalysisETL.ConsoleApp.csproj", "{1F40E809-9588-4660-A279-22A3A4D8C716}"
EndProject
Project("{2150E333-8FDC-42A3-9474-1A3956D46DE8}") = "Domain", "Domain", "{02EA681E-C7D8-13C7-8484-4AC65E1B71E8}"
EndProject
Project("{2150E333-8FDC-42A3-9474-1A3956D46DE8}") = "Application", "Application", "{286B560E-9636-4D31-AE8C-AF9A6E5E5D6D}"
EndProject
Project("{2150E333-8FDC-42A3-9474-1A3956D46DE8}") = "Infrastructure", "Infrastructure", "{B52F63B9-201D-4446-B0C6-685275617A84}"
EndProject
Project("{FAE04EC0-301F-11D3-BF4B-00C04F79EFBC}") = "SalesAnalysisETL.Application", "SalesAnalysisETL.Application\SalesAnalysisETL.Application.csproj", "{70BB91E3-F403-4679-92AE-BCB5E340DC1C}"
EndProject
Project("{FAE04EC0-301F-11D3-BF4B-00C04F79EFBC}") = "SalesAnalysisETL.Domain", "SalesAnalysisETL.Domain\SalesAnalysisETL.Domain.csproj", "{9DE1F195-C1B2-4655-8C62-C85F2DFE4FDB}"
EndProject
Project("{FAE04EC0-301F-11D3-BF4B-00C04F79EFBC}") = "SalesAnalysisETL.Persistence", "SalesAnalysisETL.Persistence\SalesAnalysisETL.Persistence.csproj", "{A73553F7-E774-4609-9596-04F3B39D22A2}"
EndProject
Global
	GlobalSection(SolutionConfigurationPlatforms) = preSolution
		Debug|Any CPU = Debug|Any CPU
		Release|Any CPU = Release|Any CPU
	EndGlobalSection
	GlobalSection(ProjectConfigurationPlatforms) = postSolution
		{1F40E809-9588-4660-A279-22A3A4D8C716}.Debug|Any CPU.ActiveCfg = Debug|Any CPU
		{1F40E809-9588-4660-A279-22A3A4D8C716}.Debug|Any CPU.Build.0 = Debug|Any CPU
		{1F40E809-9588-4660-A279-22A3A4D8C716}.Release|Any CPU.ActiveCfg = Release|Any CPU
		{1F40E809-9588-4660-A279-22A3A4D8C716}.Release|Any CPU.Build.0 = Release|Any CPU
		{70BB91E3-F403-4679-92AE-BCB5E340DC1C}.Debug|Any CPU.ActiveCfg = Debug|Any CPU
		{70BB91E3-F403-4679-92AE-BCB5E340DC1C}.Debug|Any CPU.Build.0 = Debug|Any CPU
		{70BB91E3-F403-4679-92AE-BCB5E340DC1C}.Release|Any CPU.ActiveCfg = Release|Any CPU
		{70BB91E3-F403-4679-92AE-BCB5E340DC1C}.Release|Any CPU.Build.0 = Release|Any CPU
		{9DE1F195-C1B2-4655-8C62-C85F2DFE4FDB}.Debug|Any CPU.ActiveCfg = Debug|Any CPU
		{9DE1F195-C1B2-4655-8C62-C85F2DFE4FDB}.Debug|Any CPU.Build.0 = Debug|Any CPU
		{9DE1F195-C1B2-4655-8C62-C85F2DFE4FDB}.Release|Any CPU.ActiveCfg = Release|Any CPU
		{9DE1F195-C1B2-4655-8C62-C85F2DFE4FDB}.Release|Any CPU.Build.0 = Release|Any CPU
		{A73553F7-E774-4609-9596-04F3B39D22A2}.Debug|Any CPU.ActiveCfg = Debug|Any CPU
		{A73553F7-E774-4609-9596-04F3B39D22A2}.Debug|Any CPU.Build.0 = Debug|Any CPU
		{A73553F7-E774-4609-9596-04F3B39D22A2}.Release|Any CPU.ActiveCfg = Release|Any CPU
		{A73553F7-E774-4609-9596-04F3B39D22A2}.Release|Any CPU.Build.0 = Release|Any CPU
	EndGlobalSection
	GlobalSection(SolutionProperties) = preSolution
		HideSolutionNode = FALSE
	EndGlobalSection
	GlobalSection(NestedProjects) = preSolution
		{70BB91E3-F403-4679-92AE-BCB5E340DC1C} = {286B560E-9636-4D31-AE8C-AF9A6E5E5D6D}
		{9DE1F195-C1B2-4655-8C62-C85F2DFE4FDB} = {02EA681E-C7D8-13C7-8484-4AC65E1B71E8}
		{A73553F7-E774-4609-9596-04F3B39D22A2} = {B52F63B9-201D-4446-B0C6-685275617A84}
	EndGlobalSection
	GlobalSection(ExtensibilityGlobals) = postSolution
		SolutionGuid = {CCC2C5CF-E501-4E9A-8770-1BAE6E00DBF5}
	EndGlobalSection
EndGlobal
